# This file is autogenerated, do not edit; changes may be undone by the next 'dep ensure'.


[[projects]]
  digest = "1:a878821c51a2390c0c958d179e7e19ec42cf55a9cce6d4bdbc61d7421b209014"
  name = "github.com/confluentinc/confluent-kafka-go"
  packages = ["kafka"]
  pruneopts = "UT"
  revision = "5e4d04e05fc319ce5996a867aafef29059f26862"
  version = "v0.11.4"

[[projects]]
  branch = "master"
  digest = "1:7fb51688eadf38272411852d7a2b3538c7caff53309abee6c0964a83c00fe69e"
  name = "github.com/globalsign/mgo"
  packages = [
    "bson",
    "internal/json",
  ]
  pruneopts = "UT"
  revision = "1ca0a4f7cbcbe61c005d1bd43fdd8bb8b71df6bc"

[[projects]]
  digest = "1:ca955a9cd5b50b0f43d2cc3aeb35c951473eeca41b34eb67507f1dbcc0542394"
  name = "github.com/kr/pretty"
  packages = ["."]
  pruneopts = "UT"
  revision = "73f6ac0b30a98e433b289500d779f50c1a6f0712"
  version = "v0.1.0"

[[projects]]
  digest = "1:15b5cc79aad436d47019f814fde81a10221c740dc8ddf769221a65097fb6c2e9"
  name = "github.com/kr/text"
  packages = ["."]
  pruneopts = "UT"
  revision = "e2ffdb16a802fe2bb95e2e35ff34f0e53aeef34f"
  version = "v0.1.0"

[[projects]]
  branch = "master"
  digest = "1:1879f5474ed77dd629bde6c44d870a89d15b7a193bbbd4211addb094c9ba2e78"
  name = "github.com/looplab/eventhorizon"
  packages = [
    ".",
    "eventbus",
    "mocks",
  ]
  pruneopts = "UT"
  revision = "e0c5d00ae4aae35caa71f0aab8f0be52c45b16bc"

[solve-meta]
  analyzer-name = "dep"
  analyzer-version = 1
  input-imports = [
    "github.com/confluentinc/confluent-kafka-go/kafka",
    "github.com/globalsign/mgo/bson",
    "github.com/looplab/eventhorizon",
    "github.com/looplab/eventhorizon/eventbus",
  ]
  solver-name = "gps-cdcl"
  solver-version = 1
